// !$*UTF8*$!
{
	archiveVersion = 1;
	classes = {
	};
	objectVersion = 46;
	objects = {

/* Begin PBXBuildFile section */
		8386A4A91BF3907100C79566 /* AppDelegate.swift in Sources */ = {isa = PBXBuildFile; fileRef = 8386A4A81BF3907100C79566 /* AppDelegate.swift */; };
		8386A4AB1BF3907100C79566 /* ViewController.swift in Sources */ = {isa = PBXBuildFile; fileRef = 8386A4AA1BF3907100C79566 /* ViewController.swift */; };
		8386A4AE1BF3907100C79566 /* Main.storyboard in Resources */ = {isa = PBXBuildFile; fileRef = 8386A4AC1BF3907100C79566 /* Main.storyboard */; };
		8386A4B01BF3907100C79566 /* Assets.xcassets in Resources */ = {isa = PBXBuildFile; fileRef = 8386A4AF1BF3907100C79566 /* Assets.xcassets */; };
		8386A4B31BF3907100C79566 /* LaunchScreen.storyboard in Resources */ = {isa = PBXBuildFile; fileRef = 8386A4B11BF3907100C79566 /* LaunchScreen.storyboard */; };
/* End PBXBuildFile section */

/* Begin PBXFileReference section */
		8386A4A51BF3907100C79566 /* NameTag.app */ = {isa = PBXFileReference; explicitFileType = wrapper.application; includeInIndex = 0; path = NameTag.app; sourceTree = BUILT_PRODUCTS_DIR; };
		8386A4A81BF3907100C79566 /* AppDelegate.swift */ = {isa = PBXFileReference; lastKnownFileType = sourcecode.swift; path = AppDelegate.swift; sourceTree = "<group>"; };
		8386A4AA1BF3907100C79566 /* ViewController.swift */ = {isa = PBXFileReference; lastKnownFileType = sourcecode.swift; path = ViewController.swift; sourceTree = "<group>"; };
		8386A4AD1BF3907100C79566 /* Base */ = {isa = PBXFileReference; lastKnownFileType = file.storyboard; name = Base; path = Base.lproj/Main.storyboard; sourceTree = "<group>"; };
		8386A4AF1BF3907100C79566 /* Assets.xcassets */ = {isa = PBXFileReference; lastKnownFileType = folder.assetcatalog; path = Assets.xcassets; sourceTree = "<group>"; };
		8386A4B21BF3907100C79566 /* Base */ = {isa = PBXFileReference; lastKnownFileType = file.storyboard; name = Base; path = Base.lproj/LaunchScreen.storyboard; sourceTree = "<group>"; };
		8386A4B41BF3907100C79566 /* Info.plist */ = {isa = PBXFileReference; lastKnownFileType = text.plist.xml; path = Info.plist; sourceTree = "<group>"; };
/* End PBXFileReference section */

/* Begin PBXFrameworksBuildPhase section */
		8386A4A21BF3907100C79566 /* Frameworks */ = {
			isa = PBXFrameworksBuildPhase;
			buildActionMask = 2147483647;
			files = (
			);
			runOnlyForDeploymentPostprocessing = 0;
		};
/* End PBXFrameworksBuildPhase section */

/* Begin PBXGroup section */
		8386A49C1BF3907100C79566 = {
			isa = PBXGroup;
			children = (
				8386A4A71BF3907100C79566 /* NameTag */,
				8386A4A61BF3907100C79566 /* Products */,
			);
			sourceTree = "<group>";
		};
		8386A4A61BF3907100C79566 /* Products */ = {
			isa = PBXGroup;
			children = (
				8386A4A51BF3907100C79566 /* NameTag.app */,
			);
			name = Products;
			sourceTree = "<group>";
		};
		8386A4A71BF3907100C79566 /* NameTag */ = {
			isa = PBXGroup;
			children = (
				8386A4A81BF3907100C79566 /* AppDelegate.swift */,
				8386A4AA1BF3907100C79566 /* ViewController.swift */,
				8386A4AC1BF3907100C79566 /* Main.storyboard */,
				8386A4AF1BF3907100C79566 /* Assets.xcassets */,
				8386A4B11BF3907100C79566 /* LaunchScreen.storyboard */,
				8386A4B41BF3907100C79566 /* Info.plist */,
			);
			path = NameTag;
			sourceTree = "<group>";
		};
/* End PBXGroup section */

/* Begin PBXNativeTarget section */
		8386A4A41BF3907100C79566 /* NameTag */ = {
			isa = PBXNativeTarget;
			buildConfigurationList = 8386A4B71BF3907100C79566 /* Build configuration list for PBXNativeTarget "NameTag" */;
			buildPhases = (
				8386A4A11BF3907100C79566 /* Sources */,
				8386A4A21BF3907100C79566 /* Frameworks */,
				8386A4A31BF3907100C79566 /* Resources */,
			);
			buildRules = (
			);
			dependencies = (
			);
			name = NameTag;
			productName = NameTag;
			productReference = 8386A4A51BF3907100C79566 /* NameTag.app */;
			productType = "com.apple.product-type.application";
		};
/* End PBXNativeTarget section */

/* Begin PBXProject section */
		8386A49D1BF3907100C79566 /* Project object */ = {
			isa = PBXProject;
			attributes = {
				LastSwiftUpdateCheck = 0710;
				LastUpgradeCheck = 0710;
				ORGANIZATIONNAME = ZWorkbench;
				TargetAttributes = {
					8386A4A41BF3907100C79566 = {
						CreatedOnToolsVersion = 7.1;
					};
				};
			};
			buildConfigurationList = 8386A4A01BF3907100C79566 /* Build configuration list for PBXProject "NameTag" */;
			compatibilityVersion = "Xcode 3.2";
			developmentRegion = English;
			hasScannedForEncodings = 0;
			knownRegions = (
				en,
				Base,
			);
			mainGroup = 8386A49C1BF3907100C79566;
			productRefGroup = 8386A4A61BF3907100C79566 /* Products */;
			projectDirPath = "";
			projectRoot = "";
			targets = (
				8386A4A41BF3907100C79566 /* NameTag */,
			);
		};
/* End PBXProject section */

/* Begin PBXResourcesBuildPhase section */
		8386A4A31BF3907100C79566 /* Resources */ = {
			isa = PBXResourcesBuildPhase;
			buildActionMask = 2147483647;
			files = (
				8386A4B31BF3907100C79566 /* LaunchScreen.storyboard in Resources */,
				8386A4B01BF3907100C79566 /* Assets.xcassets in Resources */,
				8386A4AE1BF3907100C79566 /* Main.storyboard in Resources */,
			);
			runOnlyForDeploymentPostprocessing = 0;
		};
/* End PBXResourcesBuildPhase section */

/* Begin PBXSourcesBuildPhase section */
		8386A4A11BF3907100C79566 /* Sources */ = {
			isa = PBXSourcesBuildPhase;
			buildActionMask = 2147483647;
			files = (
				8386A4AB1BF3907100C79566 /* ViewController.swift in Sources */,
				8386A4A91BF3907100C79566 /* AppDelegate.swift in Sources */,
			);
			runOnlyForDeploymentPostprocessing = 0;
		};
/* End PBXSourcesBuildPhase section */

/* Begin PBXVariantGroup section */
		8386A4AC1BF3907100C79566 /* Main.storyboard */ = {
			isa = PBXVariantGroup;
			children = (
				8386A4AD1BF3907100C79566 /* Base */,
			);
			name = Main.storyboard;
			sourceTree = "<group>";
		};
		8386A4B11BF3907100C79566 /* LaunchScreen.storyboard */ = {
			isa = PBXVariantGroup;
			children = (
				8386A4B21BF3907100C79566 /* Base */,
			);
			name = LaunchScreen.storyboard;
			sourceTree = "<group>";
		};
/* End PBXVariantGroup section */

/* Begin XCBuildConfiguration section */
		8386A4B51BF3907100C79566 /* Debug */ = {
			isa = XCBuildConfiguration;
			buildSettings = {
				ALWAYS_SEARCH_USER_PATHS = NO;
				CLANG_CXX_LANGUAGE_STANDARD = "gnu++0x";
				CLANG_CXX_LIBRARY = "libc++";
				CLANG_ENABLE_MODULES = YES;
				CLANG_ENABLE_OBJC_ARC = YES;
				CLANG_WARN_BOOL_CONVERSION = YES;
				CLANG_WARN_CONSTANT_CONVERSION = YES;
				CLANG_WARN_DIRECT_OBJC_ISA_USAGE = YES_ERROR;
				CLANG_WARN_EMPTY_BODY = YES;
				CLANG_WARN_ENUM_CONVERSION = YES;
				CLANG_WARN_INT_CONVERSION = YES;
				CLANG_WARN_OBJC_ROOT_CLASS = YES_ERROR;
				CLANG_WARN_UNREACHABLE_CODE = YES;
				CLANG_WARN__DUPLICATE_METHOD_MATCH = YES;
				"CODE_SIGN_IDENTITY[sdk=iphoneos*]" = "iPhone Developer";
				COPY_PHASE_STRIP = NO;
				DEBUG_INFORMATION_FORMAT = dwarf;
				ENABLE_STRICT_OBJC_MSGSEND = YES;
				ENABLE_TESTABILITY = YES;
				GCC_C_LANGUAGE_STANDARD = gnu99;
				GCC_DYNAMIC_NO_PIC = NO;
				GCC_NO_COMMON_BLOCKS = YES;
				GCC_OPTIMIZATION_LEVEL = 0;
				GCC_PREPROCESSOR_DEFINITIONS = (
					"DEBUG=1",
					"$(inherited)",
				);
				GCC_WARN_64_TO_32_BIT_CONVERSION = YES;
				GCC_WARN_ABOUT_RETURN_TYPE = YES_ERROR;
				GCC_WARN_UNDECLARED_SELECTOR = YES;
				GCC_WARN_UNINITIALIZED_AUTOS = YES_AGGRESSIVE;
				GCC_WARN_UNUSED_FUNCTION = YES;
				GCC_WARN_UNUSED_VARIABLE = YES;
				IPHONEOS_DEPLOYMENT_TARGET = 9.1;
				MTL_ENABLE_DEBUG_INFO = YES;
				ONLY_ACTIVE_ARCH = YES;
				SDKROOT = iphoneos;
				SWIFT_OPTIMIZATION_LEVEL = "-Onone";
				TARGETED_DEVICE_FAMILY = "1,2";
			};
			name = Debug;
		};
		8386A4B61BF3907100C79566 /* Release */ = {
			isa = XCBuildConfiguration;
			buildSettings = {
				ALWAYS_SEARCH_USER_PATHS = NO;
				CLANG_CXX_LANGUAGE_STANDARD = "gnu++0x";
				CLANG_CXX_LIBRARY = "libc++";
				CLANG_ENABLE_MODULES = YES;
				CLANG_ENABLE_OBJC_ARC = YES;
				CLANG_WARN_BOOL_CONVERSION = YES;
				CLANG_WARN_CONSTANT_CONVERSION = YES;
				CLANG_WARN_DIRECT_OBJC_ISA_USAGE = YES_ERROR;
				CLANG_WARN_EMPTY_BODY = YES;
				CLANG_WARN_ENUM_CONVERSION = YES;
				CLANG_WARN_INT_CONVERSION = YES;
				CLANG_WARN_OBJC_ROOT_CLASS = YES_ERROR;
				CLANG_WARN_UNREACHABLE_CODE = YES;
				CLANG_WARN__DUPLICATE_METHOD_MATCH = YES;
				"CODE_SIGN_IDENTITY[sdk=iphoneos*]" = "iPhone Developer";
				COPY_PHASE_STRIP = NO;
				DEBUG_INFORMATION_FORMAT = "dwarf-with-dsym";
				ENABLE_NS_ASSERTIONS = NO;
				ENABLE_STRICT_OBJC_MSGSEND = YES;
				GCC_C_LANGUAGE_STANDARD = gnu99;
				GCC_NO_COMMON_BLOCKS = YES;
				GCC_WARN_64_TO_32_BIT_CONVERSION = YES;
				GCC_WARN_ABOUT_RETURN_TYPE = YES_ERROR;
				GCC_WARN_UNDECLARED_SELECTOR = YES;
				GCC_WARN_UNINITIALIZED_AUTOS = YES_AGGRESSIVE;
				GCC_WARN_UNUSED_FUNCTION = YES;
				GCC_WARN_UNUSED_VARIABLE = YES;
				IPHONEOS_DEPLOYMENT_TARGET = 9.1;
				MTL_ENABLE_DEBUG_INFO = NO;
				SDKROOT = iphoneos;
				TARGETED_DEVICE_FAMILY = "1,2";
				VALIDATE_PRODUCT = YES;
			};
			name = Release;
		};
		8386A4B81BF3907100C79566 /* Debug */ = {
			isa = XCBuildConfiguration;
			buildSettings = {
				ASSETCATALOG_COMPILER_APPICON_NAME = AppIcon;
				INFOPLIST_FILE = NameTag/Info.plist;
				LD_RUNPATH_SEARCH_PATHS = "$(inherited) @executable_path/Frameworks";
				PRODUCT_BUNDLE_IDENTIFIER = com.zworkbench.NameTag;
				PRODUCT_NAME = "$(TARGET_NAME)";
			};
			name = Debug;
		};
		8386A4B91BF3907100C79566 /* Release */ = {
			isa = XCBuildConfiguration;
			buildSettings = {
				ASSETCATALOG_COMPILER_APPICON_NAME = AppIcon;
				INFOPLIST_FILE = NameTag/Info.plist;
				LD_RUNPATH_SEARCH_PATHS = "$(inherited) @executable_path/Frameworks";
				PRODUCT_BUNDLE_IDENTIFIER = com.zworkbench.NameTag;
				PRODUCT_NAME = "$(TARGET_NAME)";
			};
			name = Release;
		};
/* End XCBuildConfiguration section */

/* Begin XCConfigurationList section */
		8386A4A01BF3907100C79566 /* Build configuration list for PBXProject "NameTag" */ = {
			isa = XCConfigurationList;
			buildConfigurations = (
				8386A4B51BF3907100C79566 /* Debug */,
				8386A4B61BF3907100C79566 /* Release */,
			);
			defaultConfigurationIsVisible = 0;
			defaultConfigurationName = Release;
		};
		8386A4B71BF3907100C79566 /* Build configuration list for PBXNativeTarget "NameTag" */ = {
			isa = XCConfigurationList;
			buildConfigurations = (
				8386A4B81BF3907100C79566 /* Debug */,
				8386A4B91BF3907100C79566 /* Release */,
			);
			defaultConfigurationIsVisible = 0;
		};
/* End XCConfigurationList section */
	};
	rootObject = 8386A49D1BF3907100C79566 /* Project object */;
}
